
Microsoft Visual Studio Solution File, Format Version 12.00
# Visual Studio Version 16
VisualStudioVersion = 16.0.30330.147
MinimumVisualStudioVersion = 10.0.40219.1
Project("{FAE04EC0-301F-11D3-BF4B-00C04F79EFBC}") = "dotNetNewsApp", "dotNetNewsApp\dotNetNewsApp.csproj", "{45904107-8DA4-406D-AD54-E440C30796AF}"
EndProject
Global
	GlobalSection(SolutionConfigurationPlatforms) = preSolution
		Debug|Any CPU = Debug|Any CPU
		Release|Any CPU = Release|Any CPU
	EndGlobalSection
	GlobalSection(ProjectConfigurationPlatforms) = postSolution
		{45904107-8DA4-406D-AD54-E440C30796AF}.Debug|Any CPU.ActiveCfg = Debug|Any CPU
		{45904107-8DA4-406D-AD54-E440C30796AF}.Debug|Any CPU.Build.0 = Debug|Any CPU
		{45904107-8DA4-406D-AD54-E440C30796AF}.Release|Any CPU.ActiveCfg = Release|Any CPU
		{45904107-8DA4-406D-AD54-E440C30796AF}.Release|Any CPU.Build.0 = Release|Any CPU
	EndGlobalSection
	GlobalSection(SolutionProperties) = preSolution
		HideSolutionNode = FALSE
	EndGlobalSection
	GlobalSection(ExtensibilityGlobals) = postSolution
		SolutionGuid = {5D9F3CC2-23D2-4AB6-805D-4CA9CE8EE3E7}
	EndGlobalSection
EndGlobal
